Microsoft Visual Studio Solution File, Format Version 11.00
# Visual Studio 2008

Project("{74A18B69-A80A-32CA-A00C-DDE9B663DB2A}") = "Taplicate", "Assembly-CSharp.csproj", "{FE1A2A69-53B8-45CE-3414-D47536443E60}"
EndProject
Global
	GlobalSection(SolutionConfigurationPlatforms) = preSolution
		Debug|Any CPU = Debug|Any CPU
		Release|Any CPU = Release|Any CPU
	EndGlobalSection
	GlobalSection(ProjectConfigurationPlatforms) = postSolution
		{FE1A2A69-53B8-45CE-3414-D47536443E60}.Debug|Any CPU.ActiveCfg = Debug|Any CPU
		{FE1A2A69-53B8-45CE-3414-D47536443E60}.Debug|Any CPU.Build.0 = Debug|Any CPU
		{FE1A2A69-53B8-45CE-3414-D47536443E60}.Release|Any CPU.ActiveCfg = Release|Any CPU
		{FE1A2A69-53B8-45CE-3414-D47536443E60}.Release|Any CPU.Build.0 = Release|Any CPU
	EndGlobalSection
	GlobalSection(SolutionProperties) = preSolution
		HideSolutionNode = FALSE
	EndGlobalSection
	GlobalSection(MonoDevelopProperties) = preSolution
		StartupItem = Assembly-CSharp.csproj
	EndGlobalSection
EndGlobal
